
Microsoft Visual Studio Solution File, Format Version 12.00
# Visual Studio Version 16
VisualStudioVersion = 16.0.30711.63
MinimumVisualStudioVersion = 10.0.40219.1
Project("{FAE04EC0-301F-11D3-BF4B-00C04F79EFBC}") = "ConsoleApp1", "ConsoleApp1\ConsoleApp1.csproj", "{22E40CA3-EBD6-4FF9-9172-E4E4F5D068CB}"
EndProject
Global
	GlobalSection(SolutionConfigurationPlatforms) = preSolution
		Debug|Any CPU = Debug|Any CPU
		Release|Any CPU = Release|Any CPU
	EndGlobalSection
	GlobalSection(ProjectConfigurationPlatforms) = postSolution
		{22E40CA3-EBD6-4FF9-9172-E4E4F5D068CB}.Debug|Any CPU.ActiveCfg = Debug|Any CPU
		{22E40CA3-EBD6-4FF9-9172-E4E4F5D068CB}.Debug|Any CPU.Build.0 = Debug|Any CPU
		{22E40CA3-EBD6-4FF9-9172-E4E4F5D068CB}.Release|Any CPU.ActiveCfg = Release|Any CPU
		{22E40CA3-EBD6-4FF9-9172-E4E4F5D068CB}.Release|Any CPU.Build.0 = Release|Any CPU
	EndGlobalSection
	GlobalSection(SolutionProperties) = preSolution
		HideSolutionNode = FALSE
	EndGlobalSection
	GlobalSection(ExtensibilityGlobals) = postSolution
		SolutionGuid = {6A86874C-D93E-4D8F-A7F3-D30DD584CE76}
	EndGlobalSection
EndGlobal
